
Microsoft Visual Studio Solution File, Format Version 12.00
# Visual Studio Version 17
VisualStudioVersion = 17.0.31903.59
MinimumVisualStudioVersion = 10.0.40219.1
Project("{FAE04EC0-301F-11D3-BF4B-00C04F79EFBC}") = "BIK.AuthService.Domain", "BIK.AuthService.Domain\BIK.AuthService.Domain.csproj", "{66D02887-B866-4E3C-81B3-C435D285F8A3}"
EndProject
Project("{FAE04EC0-301F-11D3-BF4B-00C04F79EFBC}") = "BIK.AuthService.Application", "BIK.AuthService.Application\BIK.AuthService.Application.csproj", "{523A3A46-E822-4019-8491-24881DACE2C8}"
EndProject
Project("{FAE04EC0-301F-11D3-BF4B-00C04F79EFBC}") = "BIK.AuthService.Infrastructure", "BIK.AuthService.Infrastructure\BIK.AuthService.Infrastructure.csproj", "{0FEB7011-BB62-4DE0-A27B-98FFE0AE1993}"
EndProject
Project("{FAE04EC0-301F-11D3-BF4B-00C04F79EFBC}") = "BIK.AuthService.API", "BIK.AuthService.API\BIK.AuthService.API.csproj", "{E576DFFF-E30F-49E7-8D38-F8A67CCFECA0}"
EndProject
Global
	GlobalSection(SolutionConfigurationPlatforms) = preSolution
		Debug|Any CPU = Debug|Any CPU
		Release|Any CPU = Release|Any CPU
	EndGlobalSection
	GlobalSection(SolutionProperties) = preSolution
		HideSolutionNode = FALSE
	EndGlobalSection
	GlobalSection(ProjectConfigurationPlatforms) = postSolution
		{66D02887-B866-4E3C-81B3-C435D285F8A3}.Debug|Any CPU.ActiveCfg = Debug|Any CPU
		{66D02887-B866-4E3C-81B3-C435D285F8A3}.Debug|Any CPU.Build.0 = Debug|Any CPU
		{66D02887-B866-4E3C-81B3-C435D285F8A3}.Release|Any CPU.ActiveCfg = Release|Any CPU
		{66D02887-B866-4E3C-81B3-C435D285F8A3}.Release|Any CPU.Build.0 = Release|Any CPU
		{523A3A46-E822-4019-8491-24881DACE2C8}.Debug|Any CPU.ActiveCfg = Debug|Any CPU
		{523A3A46-E822-4019-8491-24881DACE2C8}.Debug|Any CPU.Build.0 = Debug|Any CPU
		{523A3A46-E822-4019-8491-24881DACE2C8}.Release|Any CPU.ActiveCfg = Release|Any CPU
		{523A3A46-E822-4019-8491-24881DACE2C8}.Release|Any CPU.Build.0 = Release|Any CPU
		{0FEB7011-BB62-4DE0-A27B-98FFE0AE1993}.Debug|Any CPU.ActiveCfg = Debug|Any CPU
		{0FEB7011-BB62-4DE0-A27B-98FFE0AE1993}.Debug|Any CPU.Build.0 = Debug|Any CPU
		{0FEB7011-BB62-4DE0-A27B-98FFE0AE1993}.Release|Any CPU.ActiveCfg = Release|Any CPU
		{0FEB7011-BB62-4DE0-A27B-98FFE0AE1993}.Release|Any CPU.Build.0 = Release|Any CPU
		{E576DFFF-E30F-49E7-8D38-F8A67CCFECA0}.Debug|Any CPU.ActiveCfg = Debug|Any CPU
		{E576DFFF-E30F-49E7-8D38-F8A67CCFECA0}.Debug|Any CPU.Build.0 = Debug|Any CPU
		{E576DFFF-E30F-49E7-8D38-F8A67CCFECA0}.Release|Any CPU.ActiveCfg = Release|Any CPU
		{E576DFFF-E30F-49E7-8D38-F8A67CCFECA0}.Release|Any CPU.Build.0 = Release|Any CPU
	EndGlobalSection
EndGlobal
